// !$*UTF8*$!
{
	archiveVersion = 1;
	classes = {
	};
	objectVersion = 52;
	objects = {

/* Begin PBXBuildFile section */
		7EDD59501FA13579005EC8B2 /* Default-568h@2x.png in Resources */ = {isa = PBXBuildFile; fileRef = 7EDD594F1FA13579005EC8B2 /* Default-568h@2x.png */; };
		E34E6D07250D3575001DC023 /* SceneDelegate.swift in Sources */ = {isa = PBXBuildFile; fileRef = E34E6D06250D3575001DC023 /* SceneDelegate.swift */; };
		E37408E8252CB0A80006E2A5 /* NeedleFoundation in Frameworks */ = {isa = PBXBuildFile; productRef = E37408E7252CB0A80006E2A5 /* NeedleFoundation */; };
		E37408EB252CB0C00006E2A5 /* CombineExtensions in Frameworks */ = {isa = PBXBuildFile; productRef = E37408EA252CB0C00006E2A5 /* CombineExtensions */; };
		E37408ED252CB0C00006E2A5 /* Lifecycle in Frameworks */ = {isa = PBXBuildFile; productRef = E37408EC252CB0C00006E2A5 /* Lifecycle */; };
		E37408EF252CB0C00006E2A5 /* SPIR in Frameworks */ = {isa = PBXBuildFile; productRef = E37408EE252CB0C00006E2A5 /* SPIR */; };
		E37408F3252F77270006E2A5 /* NeedleGenerated.swift in Sources */ = {isa = PBXBuildFile; fileRef = E37408F2252F77270006E2A5 /* NeedleGenerated.swift */; };
		E9C86DA31FA38A0A00B61DF6 /* RandomWinPresenter.swift in Sources */ = {isa = PBXBuildFile; fileRef = E9C86D9D1FA389EC00B61DF6 /* RandomWinPresenter.swift */; };
		E9C86DA81FA38AD600B61DF6 /* ScoreRelay.swift in Sources */ = {isa = PBXBuildFile; fileRef = E9C86DA71FA38AD000B61DF6 /* ScoreRelay.swift */; };
		E9C86DB31FA38B7D00B61DF6 /* BasicScoreBoard.swift in Sources */ = {isa = PBXBuildFile; fileRef = E9C86D981FA389E000B61DF6 /* BasicScoreBoard.swift */; };
		E9C86DBD1FA3AD6400B61DF6 /* Game.swift in Sources */ = {isa = PBXBuildFile; fileRef = E9C86DBC1FA3AD6400B61DF6 /* Game.swift */; };
		E9C86DBF1FA3AE3700B61DF6 /* RandomWinAdapter.swift in Sources */ = {isa = PBXBuildFile; fileRef = E9C86DBE1FA3AE3700B61DF6 /* RandomWinAdapter.swift */; };
		E9C86DC11FA3AE6E00B61DF6 /* TicTacToeAdapter.swift in Sources */ = {isa = PBXBuildFile; fileRef = E9C86DC01FA3AE6E00B61DF6 /* TicTacToeAdapter.swift */; };
		E9CB1D521F97303800D84847 /* AppDelegate.swift in Sources */ = {isa = PBXBuildFile; fileRef = E9CB1D351F972FD500D84847 /* AppDelegate.swift */; };
		E9CB1D541F9730E400D84847 /* LoggedInBuilder.swift in Sources */ = {isa = PBXBuildFile; fileRef = E9CB1D481F972FE500D84847 /* LoggedInBuilder.swift */; };
		E9CB1D571F9730E400D84847 /* LoggedInInteractor.swift in Sources */ = {isa = PBXBuildFile; fileRef = E9CB1D4B1F972FE500D84847 /* LoggedInInteractor.swift */; };
		E9CB1D581F9730E400D84847 /* LoggedInRouter.swift in Sources */ = {isa = PBXBuildFile; fileRef = E9CB1D4C1F972FE500D84847 /* LoggedInRouter.swift */; };
		E9CB1D5C1F9730E700D84847 /* LoggedOutPresenter.swift in Sources */ = {isa = PBXBuildFile; fileRef = E9CB1D461F972FE400D84847 /* LoggedOutPresenter.swift */; };
		E9CB1D5D1F9730EB00D84847 /* OffGameBuilder.swift in Sources */ = {isa = PBXBuildFile; fileRef = E9CB1D4E1F972FE500D84847 /* OffGameBuilder.swift */; };
		E9CB1D5E1F9730EB00D84847 /* OffGameInteractor.swift in Sources */ = {isa = PBXBuildFile; fileRef = E9CB1D4F1F972FE500D84847 /* OffGameInteractor.swift */; };
		E9CB1D601F9730EB00D84847 /* OffGamePresenter.swift in Sources */ = {isa = PBXBuildFile; fileRef = E9CB1D511F972FE500D84847 /* OffGamePresenter.swift */; };
		E9CB1D611F9730EF00D84847 /* RootBuilder.swift in Sources */ = {isa = PBXBuildFile; fileRef = E9CB1D371F972FE400D84847 /* RootBuilder.swift */; };
		E9CB1D641F9730EF00D84847 /* RootInteractor.swift in Sources */ = {isa = PBXBuildFile; fileRef = E9CB1D3A1F972FE400D84847 /* RootInteractor.swift */; };
		E9CB1D651F9730EF00D84847 /* RootRouter.swift in Sources */ = {isa = PBXBuildFile; fileRef = E9CB1D3B1F972FE400D84847 /* RootRouter.swift */; };
		E9CB1D661F9730EF00D84847 /* RootPresenter.swift in Sources */ = {isa = PBXBuildFile; fileRef = E9CB1D3C1F972FE400D84847 /* RootPresenter.swift */; };
		E9CB1D671F9730F300D84847 /* TicTacToeBuilder.swift in Sources */ = {isa = PBXBuildFile; fileRef = E9CB1D3E1F972FE400D84847 /* TicTacToeBuilder.swift */; };
		E9CB1D681F9730F300D84847 /* TicTacToeInteractor.swift in Sources */ = {isa = PBXBuildFile; fileRef = E9CB1D3F1F972FE400D84847 /* TicTacToeInteractor.swift */; };
		E9CB1D6A1F9730F300D84847 /* TicTacToePresenter.swift in Sources */ = {isa = PBXBuildFile; fileRef = E9CB1D411F972FE400D84847 /* TicTacToePresenter.swift */; };
/* End PBXBuildFile section */

/* Begin PBXFileReference section */
		7EDD594F1FA13579005EC8B2 /* Default-568h@2x.png */ = {isa = PBXFileReference; lastKnownFileType = image.png; path = "Default-568h@2x.png"; sourceTree = "<group>"; };
		E34E6D06250D3575001DC023 /* SceneDelegate.swift */ = {isa = PBXFileReference; fileEncoding = 4; lastKnownFileType = sourcecode.swift; path = SceneDelegate.swift; sourceTree = "<group>"; };
		E37408F0252CB0ED0006E2A5 /* TicTacToe.entitlements */ = {isa = PBXFileReference; lastKnownFileType = text.plist.entitlements; path = TicTacToe.entitlements; sourceTree = "<group>"; };
		E37408F2252F77270006E2A5 /* NeedleGenerated.swift */ = {isa = PBXFileReference; fileEncoding = 4; lastKnownFileType = sourcecode.swift; path = NeedleGenerated.swift; sourceTree = "<group>"; };
		E388462E253216E800A994AB /* LifecycleKit */ = {isa = PBXFileReference; lastKnownFileType = folder; name = LifecycleKit; path = ../..; sourceTree = "<group>"; };
		E9894B4A1F972CC500688FCB /* SPIRTicTacToe.app */ = {isa = PBXFileReference; explicitFileType = wrapper.application; includeInIndex = 0; path = SPIRTicTacToe.app; sourceTree = BUILT_PRODUCTS_DIR; };
		E9894B591F972CC500688FCB /* Info.plist */ = {isa = PBXFileReference; lastKnownFileType = text.plist.xml; path = Info.plist; sourceTree = "<group>"; };
		E9C86D981FA389E000B61DF6 /* BasicScoreBoard.swift */ = {isa = PBXFileReference; lastKnownFileType = sourcecode.swift; path = BasicScoreBoard.swift; sourceTree = "<group>"; };
		E9C86D9D1FA389EC00B61DF6 /* RandomWinPresenter.swift */ = {isa = PBXFileReference; lastKnownFileType = sourcecode.swift; path = RandomWinPresenter.swift; sourceTree = "<group>"; };
		E9C86DA71FA38AD000B61DF6 /* ScoreRelay.swift */ = {isa = PBXFileReference; lastKnownFileType = sourcecode.swift; path = ScoreRelay.swift; sourceTree = "<group>"; };
		E9C86DBC1FA3AD6400B61DF6 /* Game.swift */ = {isa = PBXFileReference; lastKnownFileType = sourcecode.swift; path = Game.swift; sourceTree = "<group>"; };
		E9C86DBE1FA3AE3700B61DF6 /* RandomWinAdapter.swift */ = {isa = PBXFileReference; lastKnownFileType = sourcecode.swift; path = RandomWinAdapter.swift; sourceTree = "<group>"; };
		E9C86DC01FA3AE6E00B61DF6 /* TicTacToeAdapter.swift */ = {isa = PBXFileReference; lastKnownFileType = sourcecode.swift; path = TicTacToeAdapter.swift; sourceTree = "<group>"; };
		E9CB1D351F972FD500D84847 /* AppDelegate.swift */ = {isa = PBXFileReference; lastKnownFileType = sourcecode.swift; path = AppDelegate.swift; sourceTree = "<group>"; };
		E9CB1D371F972FE400D84847 /* RootBuilder.swift */ = {isa = PBXFileReference; lastKnownFileType = sourcecode.swift; path = RootBuilder.swift; sourceTree = "<group>"; };
		E9CB1D3A1F972FE400D84847 /* RootInteractor.swift */ = {isa = PBXFileReference; lastKnownFileType = sourcecode.swift; path = RootInteractor.swift; sourceTree = "<group>"; };
		E9CB1D3B1F972FE400D84847 /* RootRouter.swift */ = {isa = PBXFileReference; lastKnownFileType = sourcecode.swift; path = RootRouter.swift; sourceTree = "<group>"; };
		E9CB1D3C1F972FE400D84847 /* RootPresenter.swift */ = {isa = PBXFileReference; lastKnownFileType = sourcecode.swift; path = RootPresenter.swift; sourceTree = "<group>"; };
		E9CB1D3E1F972FE400D84847 /* TicTacToeBuilder.swift */ = {isa = PBXFileReference; lastKnownFileType = sourcecode.swift; path = TicTacToeBuilder.swift; sourceTree = "<group>"; };
		E9CB1D3F1F972FE400D84847 /* TicTacToeInteractor.swift */ = {isa = PBXFileReference; lastKnownFileType = sourcecode.swift; path = TicTacToeInteractor.swift; sourceTree = "<group>"; };
		E9CB1D411F972FE400D84847 /* TicTacToePresenter.swift */ = {isa = PBXFileReference; lastKnownFileType = sourcecode.swift; path = TicTacToePresenter.swift; sourceTree = "<group>"; };
		E9CB1D461F972FE400D84847 /* LoggedOutPresenter.swift */ = {isa = PBXFileReference; lastKnownFileType = sourcecode.swift; path = LoggedOutPresenter.swift; sourceTree = "<group>"; };
		E9CB1D481F972FE500D84847 /* LoggedInBuilder.swift */ = {isa = PBXFileReference; lastKnownFileType = sourcecode.swift; path = LoggedInBuilder.swift; sourceTree = "<group>"; };
		E9CB1D4B1F972FE500D84847 /* LoggedInInteractor.swift */ = {isa = PBXFileReference; lastKnownFileType = sourcecode.swift; path = LoggedInInteractor.swift; sourceTree = "<group>"; };
		E9CB1D4C1F972FE500D84847 /* LoggedInRouter.swift */ = {isa = PBXFileReference; lastKnownFileType = sourcecode.swift; path = LoggedInRouter.swift; sourceTree = "<group>"; };
		E9CB1D4E1F972FE500D84847 /* OffGameBuilder.swift */ = {isa = PBXFileReference; lastKnownFileType = sourcecode.swift; path = OffGameBuilder.swift; sourceTree = "<group>"; };
		E9CB1D4F1F972FE500D84847 /* OffGameInteractor.swift */ = {isa = PBXFileReference; lastKnownFileType = sourcecode.swift; path = OffGameInteractor.swift; sourceTree = "<group>"; };
		E9CB1D511F972FE500D84847 /* OffGamePresenter.swift */ = {isa = PBXFileReference; lastKnownFileType = sourcecode.swift; path = OffGamePresenter.swift; sourceTree = "<group>"; };
/* End PBXFileReference section */

/* Begin PBXFrameworksBuildPhase section */
		E9894B471F972CC500688FCB /* Frameworks */ = {
			isa = PBXFrameworksBuildPhase;
			buildActionMask = 2147483647;
			files = (
				E37408ED252CB0C00006E2A5 /* Lifecycle in Frameworks */,
				E37408EB252CB0C00006E2A5 /* CombineExtensions in Frameworks */,
				E37408EF252CB0C00006E2A5 /* SPIR in Frameworks */,
				E37408E8252CB0A80006E2A5 /* NeedleFoundation in Frameworks */,
			);
			runOnlyForDeploymentPostprocessing = 0;
		};
/* End PBXFrameworksBuildPhase section */

/* Begin PBXGroup section */
		7EDD59511FA135E9005EC8B2 /* Resources */ = {
			isa = PBXGroup;
			children = (
				7EDD594F1FA13579005EC8B2 /* Default-568h@2x.png */,
			);
			path = Resources;
			sourceTree = "<group>";
		};
		E37408E9252CB0C00006E2A5 /* Frameworks */ = {
			isa = PBXGroup;
			children = (
			);
			name = Frameworks;
			sourceTree = "<group>";
		};
		E37408F1252F77270006E2A5 /* CodeGen */ = {
			isa = PBXGroup;
			children = (
				E37408F2252F77270006E2A5 /* NeedleGenerated.swift */,
			);
			path = CodeGen;
			sourceTree = "<group>";
		};
		E3CA4E4C2539E2EA0063D131 /* Game */ = {
			isa = PBXGroup;
			children = (
				E9C86DBC1FA3AD6400B61DF6 /* Game.swift */,
				E9C86DBE1FA3AE3700B61DF6 /* RandomWinAdapter.swift */,
				E9C86DC01FA3AE6E00B61DF6 /* TicTacToeAdapter.swift */,
			);
			path = Game;
			sourceTree = "<group>";
		};
		E9894B411F972CC500688FCB = {
			isa = PBXGroup;
			children = (
				E388462E253216E800A994AB /* LifecycleKit */,
				E9894B4C1F972CC500688FCB /* TicTacToe */,
				E9894B4B1F972CC500688FCB /* Products */,
				E37408E9252CB0C00006E2A5 /* Frameworks */,
			);
			sourceTree = "<group>";
		};
		E9894B4B1F972CC500688FCB /* Products */ = {
			isa = PBXGroup;
			children = (
				E9894B4A1F972CC500688FCB /* SPIRTicTacToe.app */,
			);
			name = Products;
			sourceTree = "<group>";
		};
		E9894B4C1F972CC500688FCB /* TicTacToe */ = {
			isa = PBXGroup;
			children = (
				E37408F0252CB0ED0006E2A5 /* TicTacToe.entitlements */,
				E9894B591F972CC500688FCB /* Info.plist */,
				E9CB1D331F972FD500D84847 /* App */,
				E37408F1252F77270006E2A5 /* CodeGen */,
				7EDD59511FA135E9005EC8B2 /* Resources */,
			);
			path = TicTacToe;
			sourceTree = "<group>";
		};
		E9C86D931FA389E000B61DF6 /* ScoreBoard */ = {
			isa = PBXGroup;
			children = (
				E9C86D981FA389E000B61DF6 /* BasicScoreBoard.swift */,
			);
			path = ScoreBoard;
			sourceTree = "<group>";
		};
		E9C86D991FA389EC00B61DF6 /* RandomWin */ = {
			isa = PBXGroup;
			children = (
				E9C86D9D1FA389EC00B61DF6 /* RandomWinPresenter.swift */,
			);
			path = RandomWin;
			sourceTree = "<group>";
		};
		E9CB1D331F972FD500D84847 /* App */ = {
			isa = PBXGroup;
			children = (
				E9CB1D351F972FD500D84847 /* AppDelegate.swift */,
				E34E6D06250D3575001DC023 /* SceneDelegate.swift */,
				E9CB1D361F972FE400D84847 /* Root */,
			);
			path = App;
			sourceTree = "<group>";
		};
		E9CB1D361F972FE400D84847 /* Root */ = {
			isa = PBXGroup;
			children = (
				E9CB1D371F972FE400D84847 /* RootBuilder.swift */,
				E9CB1D3A1F972FE400D84847 /* RootInteractor.swift */,
				E9CB1D3C1F972FE400D84847 /* RootPresenter.swift */,
				E9CB1D3B1F972FE400D84847 /* RootRouter.swift */,
				E9CB1D471F972FE500D84847 /* LoggedIn */,
				E9CB1D421F972FE400D84847 /* LoggedOut */,
			);
			path = Root;
			sourceTree = "<group>";
		};
		E9CB1D3D1F972FE400D84847 /* TicTacToe */ = {
			isa = PBXGroup;
			children = (
				E9CB1D3E1F972FE400D84847 /* TicTacToeBuilder.swift */,
				E9CB1D3F1F972FE400D84847 /* TicTacToeInteractor.swift */,
				E9CB1D411F972FE400D84847 /* TicTacToePresenter.swift */,
			);
			path = TicTacToe;
			sourceTree = "<group>";
		};
		E9CB1D421F972FE400D84847 /* LoggedOut */ = {
			isa = PBXGroup;
			children = (
				E9CB1D461F972FE400D84847 /* LoggedOutPresenter.swift */,
			);
			path = LoggedOut;
			sourceTree = "<group>";
		};
		E9CB1D471F972FE500D84847 /* LoggedIn */ = {
			isa = PBXGroup;
			children = (
				E9CB1D481F972FE500D84847 /* LoggedInBuilder.swift */,
				E9CB1D4B1F972FE500D84847 /* LoggedInInteractor.swift */,
				E9CB1D4C1F972FE500D84847 /* LoggedInRouter.swift */,
				E9C86DA71FA38AD000B61DF6 /* ScoreRelay.swift */,
				E3CA4E4C2539E2EA0063D131 /* Game */,
				E9CB1D4D1F972FE500D84847 /* OffGame */,
				E9C86D991FA389EC00B61DF6 /* RandomWin */,
				E9CB1D3D1F972FE400D84847 /* TicTacToe */,
			);
			path = LoggedIn;
			sourceTree = "<group>";
		};
		E9CB1D4D1F972FE500D84847 /* OffGame */ = {
			isa = PBXGroup;
			children = (
				E9CB1D4E1F972FE500D84847 /* OffGameBuilder.swift */,
				E9CB1D4F1F972FE500D84847 /* OffGameInteractor.swift */,
				E9CB1D511F972FE500D84847 /* OffGamePresenter.swift */,
				E9C86D931FA389E000B61DF6 /* ScoreBoard */,
			);
			path = OffGame;
			sourceTree = "<group>";
		};
/* End PBXGroup section */

/* Begin PBXNativeTarget section */
		E9894B491F972CC500688FCB /* SPIRTicTacToe */ = {
			isa = PBXNativeTarget;
			buildConfigurationList = E9894B671F972CC600688FCB /* Build configuration list for PBXNativeTarget "SPIRTicTacToe" */;
			buildPhases = (
				E9894B461F972CC500688FCB /* Sources */,
				E9894B471F972CC500688FCB /* Frameworks */,
				E9894B481F972CC500688FCB /* Resources */,
			);
			buildRules = (
			);
			dependencies = (
			);
			name = SPIRTicTacToe;
			packageProductDependencies = (
				E37408E7252CB0A80006E2A5 /* NeedleFoundation */,
				E37408EA252CB0C00006E2A5 /* CombineExtensions */,
				E37408EC252CB0C00006E2A5 /* Lifecycle */,
				E37408EE252CB0C00006E2A5 /* SPIR */,
			);
			productName = TicTacToe;
			productReference = E9894B4A1F972CC500688FCB /* SPIRTicTacToe.app */;
			productType = "com.apple.product-type.application";
		};
/* End PBXNativeTarget section */

/* Begin PBXProject section */
		E9894B421F972CC500688FCB /* Project object */ = {
			isa = PBXProject;
			attributes = {
				LastSwiftUpdateCheck = 0900;
				LastUpgradeCheck = 1200;
				ORGANIZATIONNAME = Uber;
				TargetAttributes = {
					E9894B491F972CC500688FCB = {
						CreatedOnToolsVersion = 9.0;
						LastSwiftMigration = 1150;
						ProvisioningStyle = Automatic;
					};
				};
			};
			buildConfigurationList = E9894B451F972CC500688FCB /* Build configuration list for PBXProject "SPIR-Example" */;
			compatibilityVersion = "Xcode 8.0";
			developmentRegion = en;
			hasScannedForEncodings = 0;
			knownRegions = (
				en,
				Base,
			);
			mainGroup = E9894B411F972CC500688FCB;
			packageReferences = (
				E37408E6252CB0A80006E2A5 /* XCRemoteSwiftPackageReference "needle" */,
			);
			productRefGroup = E9894B4B1F972CC500688FCB /* Products */;
			projectDirPath = "";
			projectRoot = "";
			targets = (
				E9894B491F972CC500688FCB /* SPIRTicTacToe */,
			);
		};
/* End PBXProject section */

/* Begin PBXResourcesBuildPhase section */
		E9894B481F972CC500688FCB /* Resources */ = {
			isa = PBXResourcesBuildPhase;
			buildActionMask = 2147483647;
			files = (
				7EDD59501FA13579005EC8B2 /* Default-568h@2x.png in Resources */,
			);
			runOnlyForDeploymentPostprocessing = 0;
		};
/* End PBXResourcesBuildPhase section */

/* Begin PBXSourcesBuildPhase section */
		E9894B461F972CC500688FCB /* Sources */ = {
			isa = PBXSourcesBuildPhase;
			buildActionMask = 2147483647;
			files = (
				E9C86DA31FA38A0A00B61DF6 /* RandomWinPresenter.swift in Sources */,
				E9CB1D521F97303800D84847 /* AppDelegate.swift in Sources */,
				E34E6D07250D3575001DC023 /* SceneDelegate.swift in Sources */,
				E9CB1D681F9730F300D84847 /* TicTacToeInteractor.swift in Sources */,
				E9CB1D571F9730E400D84847 /* LoggedInInteractor.swift in Sources */,
				E9CB1D5D1F9730EB00D84847 /* OffGameBuilder.swift in Sources */,
				E9CB1D641F9730EF00D84847 /* RootInteractor.swift in Sources */,
				E9CB1D581F9730E400D84847 /* LoggedInRouter.swift in Sources */,
				E9CB1D611F9730EF00D84847 /* RootBuilder.swift in Sources */,
				E9CB1D671F9730F300D84847 /* TicTacToeBuilder.swift in Sources */,
				E9C86DB31FA38B7D00B61DF6 /* BasicScoreBoard.swift in Sources */,
				E9CB1D6A1F9730F300D84847 /* TicTacToePresenter.swift in Sources */,
				E9C86DC11FA3AE6E00B61DF6 /* TicTacToeAdapter.swift in Sources */,
				E9C86DBF1FA3AE3700B61DF6 /* RandomWinAdapter.swift in Sources */,
				E9CB1D541F9730E400D84847 /* LoggedInBuilder.swift in Sources */,
				E9CB1D5C1F9730E700D84847 /* LoggedOutPresenter.swift in Sources */,
				E9C86DA81FA38AD600B61DF6 /* ScoreRelay.swift in Sources */,
				E9CB1D651F9730EF00D84847 /* RootRouter.swift in Sources */,
				E9CB1D661F9730EF00D84847 /* RootPresenter.swift in Sources */,
				E37408F3252F77270006E2A5 /* NeedleGenerated.swift in Sources */,
				E9C86DBD1FA3AD6400B61DF6 /* Game.swift in Sources */,
				E9CB1D5E1F9730EB00D84847 /* OffGameInteractor.swift in Sources */,
				E9CB1D601F9730EB00D84847 /* OffGamePresenter.swift in Sources */,
			);
			runOnlyForDeploymentPostprocessing = 0;
		};
/* End PBXSourcesBuildPhase section */

/* Begin XCBuildConfiguration section */
		E9894B651F972CC600688FCB /* Debug */ = {
			isa = XCBuildConfiguration;
			buildSettings = {
				ALWAYS_SEARCH_USER_PATHS = NO;
				CLANG_ANALYZER_NONNULL = YES;
				CLANG_ANALYZER_NUMBER_OBJECT_CONVERSION = YES_AGGRESSIVE;
				CLANG_CXX_LANGUAGE_STANDARD = "gnu++14";
				CLANG_CXX_LIBRARY = "libc++";
				CLANG_ENABLE_MODULES = YES;
				CLANG_ENABLE_OBJC_ARC = YES;
				CLANG_WARN_BLOCK_CAPTURE_AUTORELEASING = YES;
				CLANG_WARN_BOOL_CONVERSION = YES;
				CLANG_WARN_COMMA = YES;
				CLANG_WARN_CONSTANT_CONVERSION = YES;
				CLANG_WARN_DEPRECATED_OBJC_IMPLEMENTATIONS = YES;
				CLANG_WARN_DIRECT_OBJC_ISA_USAGE = YES_ERROR;
				CLANG_WARN_DOCUMENTATION_COMMENTS = YES;
				CLANG_WARN_EMPTY_BODY = YES;
				CLANG_WARN_ENUM_CONVERSION = YES;
				CLANG_WARN_INFINITE_RECURSION = YES;
				CLANG_WARN_INT_CONVERSION = YES;
				CLANG_WARN_NON_LITERAL_NULL_CONVERSION = YES;
				CLANG_WARN_OBJC_IMPLICIT_RETAIN_SELF = YES;
				CLANG_WARN_OBJC_LITERAL_CONVERSION = YES;
				CLANG_WARN_OBJC_ROOT_CLASS = YES_ERROR;
				CLANG_WARN_QUOTED_INCLUDE_IN_FRAMEWORK_HEADER = YES;
				CLANG_WARN_RANGE_LOOP_ANALYSIS = YES;
				CLANG_WARN_STRICT_PROTOTYPES = YES;
				CLANG_WARN_SUSPICIOUS_MOVE = YES;
				CLANG_WARN_UNGUARDED_AVAILABILITY = YES_AGGRESSIVE;
				CLANG_WARN_UNREACHABLE_CODE = YES;
				CLANG_WARN__DUPLICATE_METHOD_MATCH = YES;
				CODE_SIGN_IDENTITY = "iPhone Developer";
				COPY_PHASE_STRIP = NO;
				DEBUG_INFORMATION_FORMAT = dwarf;
				ENABLE_STRICT_OBJC_MSGSEND = YES;
				ENABLE_TESTABILITY = YES;
				GCC_C_LANGUAGE_STANDARD = gnu11;
				GCC_DYNAMIC_NO_PIC = NO;
				GCC_NO_COMMON_BLOCKS = YES;
				GCC_OPTIMIZATION_LEVEL = 0;
				GCC_PREPROCESSOR_DEFINITIONS = (
					"DEBUG=1",
					"$(inherited)",
				);
				GCC_WARN_64_TO_32_BIT_CONVERSION = YES;
				GCC_WARN_ABOUT_RETURN_TYPE = YES_ERROR;
				GCC_WARN_UNDECLARED_SELECTOR = YES;
				GCC_WARN_UNINITIALIZED_AUTOS = YES_AGGRESSIVE;
				GCC_WARN_UNUSED_FUNCTION = YES;
				GCC_WARN_UNUSED_VARIABLE = YES;
				IPHONEOS_DEPLOYMENT_TARGET = 13.0;
				MTL_ENABLE_DEBUG_INFO = YES;
				ONLY_ACTIVE_ARCH = YES;
				SDKROOT = iphoneos;
				SWIFT_ACTIVE_COMPILATION_CONDITIONS = DEBUG;
				SWIFT_OPTIMIZATION_LEVEL = "-Onone";
				SWIFT_VERSION = 4.0;
			};
			name = Debug;
		};
		E9894B661F972CC600688FCB /* Release */ = {
			isa = XCBuildConfiguration;
			buildSettings = {
				ALWAYS_SEARCH_USER_PATHS = NO;
				CLANG_ANALYZER_NONNULL = YES;
				CLANG_ANALYZER_NUMBER_OBJECT_CONVERSION = YES_AGGRESSIVE;
				CLANG_CXX_LANGUAGE_STANDARD = "gnu++14";
				CLANG_CXX_LIBRARY = "libc++";
				CLANG_ENABLE_MODULES = YES;
				CLANG_ENABLE_OBJC_ARC = YES;
				CLANG_WARN_BLOCK_CAPTURE_AUTORELEASING = YES;
				CLANG_WARN_BOOL_CONVERSION = YES;
				CLANG_WARN_COMMA = YES;
				CLANG_WARN_CONSTANT_CONVERSION = YES;
				CLANG_WARN_DEPRECATED_OBJC_IMPLEMENTATIONS = YES;
				CLANG_WARN_DIRECT_OBJC_ISA_USAGE = YES_ERROR;
				CLANG_WARN_DOCUMENTATION_COMMENTS = YES;
				CLANG_WARN_EMPTY_BODY = YES;
				CLANG_WARN_ENUM_CONVERSION = YES;
				CLANG_WARN_INFINITE_RECURSION = YES;
				CLANG_WARN_INT_CONVERSION = YES;
				CLANG_WARN_NON_LITERAL_NULL_CONVERSION = YES;
				CLANG_WARN_OBJC_IMPLICIT_RETAIN_SELF = YES;
				CLANG_WARN_OBJC_LITERAL_CONVERSION = YES;
				CLANG_WARN_OBJC_ROOT_CLASS = YES_ERROR;
				CLANG_WARN_QUOTED_INCLUDE_IN_FRAMEWORK_HEADER = YES;
				CLANG_WARN_RANGE_LOOP_ANALYSIS = YES;
				CLANG_WARN_STRICT_PROTOTYPES = YES;
				CLANG_WARN_SUSPICIOUS_MOVE = YES;
				CLANG_WARN_UNGUARDED_AVAILABILITY = YES_AGGRESSIVE;
				CLANG_WARN_UNREACHABLE_CODE = YES;
				CLANG_WARN__DUPLICATE_METHOD_MATCH = YES;
				CODE_SIGN_IDENTITY = "iPhone Developer";
				COPY_PHASE_STRIP = NO;
				DEBUG_INFORMATION_FORMAT = "dwarf-with-dsym";
				ENABLE_NS_ASSERTIONS = NO;
				ENABLE_STRICT_OBJC_MSGSEND = YES;
				GCC_C_LANGUAGE_STANDARD = gnu11;
				GCC_NO_COMMON_BLOCKS = YES;
				GCC_WARN_64_TO_32_BIT_CONVERSION = YES;
				GCC_WARN_ABOUT_RETURN_TYPE = YES_ERROR;
				GCC_WARN_UNDECLARED_SELECTOR = YES;
				GCC_WARN_UNINITIALIZED_AUTOS = YES_AGGRESSIVE;
				GCC_WARN_UNUSED_FUNCTION = YES;
				GCC_WARN_UNUSED_VARIABLE = YES;
				IPHONEOS_DEPLOYMENT_TARGET = 13.0;
				MTL_ENABLE_DEBUG_INFO = NO;
				SDKROOT = iphoneos;
				SWIFT_COMPILATION_MODE = wholemodule;
				SWIFT_OPTIMIZATION_LEVEL = "-O";
				SWIFT_VERSION = 4.0;
				VALIDATE_PRODUCT = YES;
			};
			name = Release;
		};
		E9894B681F972CC600688FCB /* Debug */ = {
			isa = XCBuildConfiguration;
			buildSettings = {
				CODE_SIGN_ENTITLEMENTS = TicTacToe/TicTacToe.entitlements;
				CODE_SIGN_STYLE = Automatic;
				DEVELOPMENT_TEAM = 5Q8MZG7V3R;
				INFOPLIST_FILE = TicTacToe/Info.plist;
				LD_RUNPATH_SEARCH_PATHS = (
					"$(inherited)",
					"@executable_path/Frameworks",
				);
				PRODUCT_BUNDLE_IDENTIFIER = com.ashare80.TicTacToe;
				PRODUCT_NAME = "$(TARGET_NAME)";
				SUPPORTS_MACCATALYST = YES;
				SWIFT_VERSION = 5.0;
				TARGETED_DEVICE_FAMILY = "1,2";
			};
			name = Debug;
		};
		E9894B691F972CC600688FCB /* Release */ = {
			isa = XCBuildConfiguration;
			buildSettings = {
				CODE_SIGN_ENTITLEMENTS = TicTacToe/TicTacToe.entitlements;
				CODE_SIGN_STYLE = Automatic;
				DEVELOPMENT_TEAM = 5Q8MZG7V3R;
				INFOPLIST_FILE = TicTacToe/Info.plist;
				LD_RUNPATH_SEARCH_PATHS = (
					"$(inherited)",
					"@executable_path/Frameworks",
				);
				PRODUCT_BUNDLE_IDENTIFIER = com.ashare80.TicTacToe;
				PRODUCT_NAME = "$(TARGET_NAME)";
				SUPPORTS_MACCATALYST = YES;
				SWIFT_VERSION = 5.0;
				TARGETED_DEVICE_FAMILY = "1,2";
			};
			name = Release;
		};
/* End XCBuildConfiguration section */

/* Begin XCConfigurationList section */
		E9894B451F972CC500688FCB /* Build configuration list for PBXProject "SPIR-Example" */ = {
			isa = XCConfigurationList;
			buildConfigurations = (
				E9894B651F972CC600688FCB /* Debug */,
				E9894B661F972CC600688FCB /* Release */,
			);
			defaultConfigurationIsVisible = 0;
			defaultConfigurationName = Release;
		};
		E9894B671F972CC600688FCB /* Build configuration list for PBXNativeTarget "SPIRTicTacToe" */ = {
			isa = XCConfigurationList;
			buildConfigurations = (
				E9894B681F972CC600688FCB /* Debug */,
				E9894B691F972CC600688FCB /* Release */,
			);
			defaultConfigurationIsVisible = 0;
			defaultConfigurationName = Release;
		};
/* End XCConfigurationList section */

/* Begin XCRemoteSwiftPackageReference section */
		E37408E6252CB0A80006E2A5 /* XCRemoteSwiftPackageReference "needle" */ = {
			isa = XCRemoteSwiftPackageReference;
			repositoryURL = "https://github.com/uber/needle.git";
			requirement = {
				branch = master;
				kind = branch;
			};
		};
/* End XCRemoteSwiftPackageReference section */

/* Begin XCSwiftPackageProductDependency section */
		E37408E7252CB0A80006E2A5 /* NeedleFoundation */ = {
			isa = XCSwiftPackageProductDependency;
			package = E37408E6252CB0A80006E2A5 /* XCRemoteSwiftPackageReference "needle" */;
			productName = NeedleFoundation;
		};
		E37408EA252CB0C00006E2A5 /* CombineExtensions */ = {
			isa = XCSwiftPackageProductDependency;
			productName = CombineExtensions;
		};
		E37408EC252CB0C00006E2A5 /* Lifecycle */ = {
			isa = XCSwiftPackageProductDependency;
			productName = Lifecycle;
		};
		E37408EE252CB0C00006E2A5 /* SPIR */ = {
			isa = XCSwiftPackageProductDependency;
			productName = SPIR;
		};
/* End XCSwiftPackageProductDependency section */
	};
	rootObject = E9894B421F972CC500688FCB /* Project object */;
}
